
Microsoft Visual Studio Solution File, Format Version 12.00
# Visual Studio Version 16
VisualStudioVersion = 16.0.32407.337
MinimumVisualStudioVersion = 10.0.40219.1
Project("{FAE04EC0-301F-11D3-BF4B-00C04F79EFBC}") = "ConfuserEx Dynamic Unpacker", "ConfuserEx Dynamic Unpacker\ConfuserEx Dynamic Unpacker.csproj", "{21E98071-183F-4FD1-AE99-734404274BA6}"
EndProject
Global
	GlobalSection(SolutionConfigurationPlatforms) = preSolution
		Debug|Any CPU = Debug|Any CPU
		Release|Any CPU = Release|Any CPU
	EndGlobalSection
	GlobalSection(ProjectConfigurationPlatforms) = postSolution
		{21E98071-183F-4FD1-AE99-734404274BA6}.Debug|Any CPU.ActiveCfg = Debug|Any CPU
		{21E98071-183F-4FD1-AE99-734404274BA6}.Debug|Any CPU.Build.0 = Debug|Any CPU
		{21E98071-183F-4FD1-AE99-734404274BA6}.Release|Any CPU.ActiveCfg = Release|Any CPU
		{21E98071-183F-4FD1-AE99-734404274BA6}.Release|Any CPU.Build.0 = Release|Any CPU
	EndGlobalSection
	GlobalSection(SolutionProperties) = preSolution
		HideSolutionNode = FALSE
	EndGlobalSection
	GlobalSection(ExtensibilityGlobals) = postSolution
		SolutionGuid = {BF7EBF4F-E159-4571-B7E3-50CDEA9B96E0}
	EndGlobalSection
EndGlobal
